
Microsoft Visual Studio Solution File, Format Version 12.00
Project("{FAE04EC0-301F-11D3-BF4B-00C04F79EFBC}") = "Formula", "Formula\Formula.csproj", "{E2FDB97C-ABF6-48E7-AAF2-57013D93DD53}"
EndProject
Project("{FAE04EC0-301F-11D3-BF4B-00C04F79EFBC}") = "FormulaTests", "FormulaTests\FormulaTests.csproj", "{51586B7C-ECA9-4B53-A5EA-39CB090CB1DB}"
EndProject
Project("{FAE04EC0-301F-11D3-BF4B-00C04F79EFBC}") = "DependencyGraph", "DependencyGraph\DependencyGraph.csproj", "{12793838-F140-4CD3-9701-9D498D600711}"
EndProject
Project("{FAE04EC0-301F-11D3-BF4B-00C04F79EFBC}") = "DependencyGraphTests", "DependencyGraphTests\DependencyGraphTests.csproj", "{EB5D51FE-F3B2-4A42-B316-C8146B661544}"
EndProject
Project("{FAE04EC0-301F-11D3-BF4B-00C04F79EFBC}") = "Spreadsheet", "Spreadsheet\Spreadsheet.csproj", "{51987701-EF23-4133-B180-C58E43778718}"
EndProject
Project("{FAE04EC0-301F-11D3-BF4B-00C04F79EFBC}") = "SpreadsheetTests", "SpreadsheetTests\SpreadsheetTests.csproj", "{420D9329-01BE-4684-9204-0CC954CAA430}"
EndProject
Global
	GlobalSection(SolutionConfigurationPlatforms) = preSolution
		Debug|Any CPU = Debug|Any CPU
		Release|Any CPU = Release|Any CPU
	EndGlobalSection
	GlobalSection(ProjectConfigurationPlatforms) = postSolution
		{E2FDB97C-ABF6-48E7-AAF2-57013D93DD53}.Debug|Any CPU.ActiveCfg = Debug|Any CPU
		{E2FDB97C-ABF6-48E7-AAF2-57013D93DD53}.Debug|Any CPU.Build.0 = Debug|Any CPU
		{E2FDB97C-ABF6-48E7-AAF2-57013D93DD53}.Release|Any CPU.ActiveCfg = Release|Any CPU
		{E2FDB97C-ABF6-48E7-AAF2-57013D93DD53}.Release|Any CPU.Build.0 = Release|Any CPU
		{51586B7C-ECA9-4B53-A5EA-39CB090CB1DB}.Debug|Any CPU.ActiveCfg = Debug|Any CPU
		{51586B7C-ECA9-4B53-A5EA-39CB090CB1DB}.Debug|Any CPU.Build.0 = Debug|Any CPU
		{51586B7C-ECA9-4B53-A5EA-39CB090CB1DB}.Release|Any CPU.ActiveCfg = Release|Any CPU
		{51586B7C-ECA9-4B53-A5EA-39CB090CB1DB}.Release|Any CPU.Build.0 = Release|Any CPU
		{12793838-F140-4CD3-9701-9D498D600711}.Debug|Any CPU.ActiveCfg = Debug|Any CPU
		{12793838-F140-4CD3-9701-9D498D600711}.Debug|Any CPU.Build.0 = Debug|Any CPU
		{12793838-F140-4CD3-9701-9D498D600711}.Release|Any CPU.ActiveCfg = Release|Any CPU
		{12793838-F140-4CD3-9701-9D498D600711}.Release|Any CPU.Build.0 = Release|Any CPU
		{EB5D51FE-F3B2-4A42-B316-C8146B661544}.Debug|Any CPU.ActiveCfg = Debug|Any CPU
		{EB5D51FE-F3B2-4A42-B316-C8146B661544}.Debug|Any CPU.Build.0 = Debug|Any CPU
		{EB5D51FE-F3B2-4A42-B316-C8146B661544}.Release|Any CPU.ActiveCfg = Release|Any CPU
		{EB5D51FE-F3B2-4A42-B316-C8146B661544}.Release|Any CPU.Build.0 = Release|Any CPU
		{51987701-EF23-4133-B180-C58E43778718}.Debug|Any CPU.ActiveCfg = Debug|Any CPU
		{51987701-EF23-4133-B180-C58E43778718}.Debug|Any CPU.Build.0 = Debug|Any CPU
		{51987701-EF23-4133-B180-C58E43778718}.Release|Any CPU.ActiveCfg = Release|Any CPU
		{51987701-EF23-4133-B180-C58E43778718}.Release|Any CPU.Build.0 = Release|Any CPU
		{420D9329-01BE-4684-9204-0CC954CAA430}.Debug|Any CPU.ActiveCfg = Debug|Any CPU
		{420D9329-01BE-4684-9204-0CC954CAA430}.Debug|Any CPU.Build.0 = Debug|Any CPU
		{420D9329-01BE-4684-9204-0CC954CAA430}.Release|Any CPU.ActiveCfg = Release|Any CPU
		{420D9329-01BE-4684-9204-0CC954CAA430}.Release|Any CPU.Build.0 = Release|Any CPU
	EndGlobalSection
EndGlobal
